# This file is automatically @generated by Cargo.
# It is not intended for manual editing.
version = 3

[[package]]
name = "adventofcode"
version = "0.0.1"

[[package]]
name = "twentytwenty"
version = "0.0.1"
dependencies = [
 "adventofcode",
]

[[package]]
name = "twentytwentyone"
version = "0.0.1"
dependencies = [
 "adventofcode",
]
